
Microsoft Visual Studio Solution File, Format Version 12.00
# Visual Studio Version 17
VisualStudioVersion = 17.10.35004.147
MinimumVisualStudioVersion = 10.0.40219.1
Project("{FAE04EC0-301F-11D3-BF4B-00C04F79EFBC}") = "CountConformingBitmasks", "CountConformingBitmasks\CountConformingBitmasks.csproj", "{1BD96889-B0F6-450D-A8E9-93B82286908A}"
EndProject
Project("{FAE04EC0-301F-11D3-BF4B-00C04F79EFBC}") = "CountConformingBitmasks.Test", "CountConformingBitmasks.Test\CountConformingBitmasks.Test.csproj", "{AAA6B37E-7859-4835-9D04-E37E3E8BC110}"
EndProject
Global
	GlobalSection(SolutionConfigurationPlatforms) = preSolution
		Debug|Any CPU = Debug|Any CPU
		Release|Any CPU = Release|Any CPU
	EndGlobalSection
	GlobalSection(ProjectConfigurationPlatforms) = postSolution
		{1BD96889-B0F6-450D-A8E9-93B82286908A}.Debug|Any CPU.ActiveCfg = Debug|Any CPU
		{1BD96889-B0F6-450D-A8E9-93B82286908A}.Debug|Any CPU.Build.0 = Debug|Any CPU
		{1BD96889-B0F6-450D-A8E9-93B82286908A}.Release|Any CPU.ActiveCfg = Release|Any CPU
		{1BD96889-B0F6-450D-A8E9-93B82286908A}.Release|Any CPU.Build.0 = Release|Any CPU
		{AAA6B37E-7859-4835-9D04-E37E3E8BC110}.Debug|Any CPU.ActiveCfg = Debug|Any CPU
		{AAA6B37E-7859-4835-9D04-E37E3E8BC110}.Debug|Any CPU.Build.0 = Debug|Any CPU
		{AAA6B37E-7859-4835-9D04-E37E3E8BC110}.Release|Any CPU.ActiveCfg = Release|Any CPU
		{AAA6B37E-7859-4835-9D04-E37E3E8BC110}.Release|Any CPU.Build.0 = Release|Any CPU
	EndGlobalSection
	GlobalSection(SolutionProperties) = preSolution
		HideSolutionNode = FALSE
	EndGlobalSection
	GlobalSection(ExtensibilityGlobals) = postSolution
		SolutionGuid = {3EAAB830-A069-424C-8383-FAEA4CEC698D}
	EndGlobalSection
EndGlobal
